
Microsoft Visual Studio Solution File, Format Version 12.00
# Visual Studio Version 17
VisualStudioVersion = 17.10.34928.147
MinimumVisualStudioVersion = 10.0.40219.1
Project("{9A19103F-16F7-4668-BE54-9A1E7A4F7556}") = "DurableFunction3CQC", "DurableFunction3CQC.csproj", "{F4A12C9C-DCAA-42AA-9CBA-265E70A5BFDE}"
EndProject
Global
	GlobalSection(SolutionConfigurationPlatforms) = preSolution
		Debug|Any CPU = Debug|Any CPU
		Local|Any CPU = Local|Any CPU
		Release|Any CPU = Release|Any CPU
	EndGlobalSection
	GlobalSection(ProjectConfigurationPlatforms) = postSolution
		{F4A12C9C-DCAA-42AA-9CBA-265E70A5BFDE}.Debug|Any CPU.ActiveCfg = Debug|Any CPU
		{F4A12C9C-DCAA-42AA-9CBA-265E70A5BFDE}.Debug|Any CPU.Build.0 = Debug|Any CPU
		{F4A12C9C-DCAA-42AA-9CBA-265E70A5BFDE}.Local|Any CPU.ActiveCfg = Local|Any CPU
		{F4A12C9C-DCAA-42AA-9CBA-265E70A5BFDE}.Local|Any CPU.Build.0 = Local|Any CPU
		{F4A12C9C-DCAA-42AA-9CBA-265E70A5BFDE}.Release|Any CPU.ActiveCfg = Release|Any CPU
		{F4A12C9C-DCAA-42AA-9CBA-265E70A5BFDE}.Release|Any CPU.Build.0 = Release|Any CPU
	EndGlobalSection
	GlobalSection(SolutionProperties) = preSolution
		HideSolutionNode = FALSE
	EndGlobalSection
	GlobalSection(ExtensibilityGlobals) = postSolution
		SolutionGuid = {CE6EE0B6-AE4C-42F0-A156-832960F8DA82}
	EndGlobalSection
EndGlobal
